
Microsoft Visual Studio Solution File, Format Version 12.00
# Visual Studio Version 17
VisualStudioVersion = 17.5.002.0
MinimumVisualStudioVersion = 10.0.40219.1
Project("{9A19103F-16F7-4668-BE54-9A1E7A4F7556}") = "Assignment2", "Assignment2.csproj", "{5F01A027-5331-4F7B-8088-9106D67AFCDC}"
EndProject
Global
	GlobalSection(SolutionConfigurationPlatforms) = preSolution
		Debug|Any CPU = Debug|Any CPU
		Release|Any CPU = Release|Any CPU
	EndGlobalSection
	GlobalSection(ProjectConfigurationPlatforms) = postSolution
		{5F01A027-5331-4F7B-8088-9106D67AFCDC}.Debug|Any CPU.ActiveCfg = Debug|Any CPU
		{5F01A027-5331-4F7B-8088-9106D67AFCDC}.Debug|Any CPU.Build.0 = Debug|Any CPU
		{5F01A027-5331-4F7B-8088-9106D67AFCDC}.Release|Any CPU.ActiveCfg = Release|Any CPU
		{5F01A027-5331-4F7B-8088-9106D67AFCDC}.Release|Any CPU.Build.0 = Release|Any CPU
	EndGlobalSection
	GlobalSection(SolutionProperties) = preSolution
		HideSolutionNode = FALSE
	EndGlobalSection
	GlobalSection(ExtensibilityGlobals) = postSolution
		SolutionGuid = {DAE9F9CA-FB54-45D7-BA64-DE7F2511BA08}
	EndGlobalSection
EndGlobal
